// !$*UTF8*$!
{
	archiveVersion = 1;
	classes = {
	};
	objectVersion = 50;
	objects = {

/* Begin PBXBuildFile section */
		03753DF72199922100C190F2 /* AppDelegate.swift in Sources */ = {isa = PBXBuildFile; fileRef = 03753DF62199922100C190F2 /* AppDelegate.swift */; };
		03753DF92199922100C190F2 /* ViewController.swift in Sources */ = {isa = PBXBuildFile; fileRef = 03753DF82199922100C190F2 /* ViewController.swift */; };
		03753DFC2199922100C190F2 /* Main.storyboard in Resources */ = {isa = PBXBuildFile; fileRef = 03753DFA2199922100C190F2 /* Main.storyboard */; };
		03753DFE2199922200C190F2 /* Assets.xcassets in Resources */ = {isa = PBXBuildFile; fileRef = 03753DFD2199922200C190F2 /* Assets.xcassets */; };
		03753E012199922200C190F2 /* LaunchScreen.storyboard in Resources */ = {isa = PBXBuildFile; fileRef = 03753DFF2199922200C190F2 /* LaunchScreen.storyboard */; };
		03753E0C2199922200C190F2 /* HYOITests.swift in Sources */ = {isa = PBXBuildFile; fileRef = 03753E0B2199922200C190F2 /* HYOITests.swift */; };
		03753E172199922200C190F2 /* HYOIUITests.swift in Sources */ = {isa = PBXBuildFile; fileRef = 03753E162199922200C190F2 /* HYOIUITests.swift */; };
/* End PBXBuildFile section */

/* Begin PBXContainerItemProxy section */
		03753E082199922200C190F2 /* PBXContainerItemProxy */ = {
			isa = PBXContainerItemProxy;
			containerPortal = 03753DEB2199922100C190F2 /* Project object */;
			proxyType = 1;
			remoteGlobalIDString = 03753DF22199922100C190F2;
			remoteInfo = HYOI;
		};
		03753E132199922200C190F2 /* PBXContainerItemProxy */ = {
			isa = PBXContainerItemProxy;
			containerPortal = 03753DEB2199922100C190F2 /* Project object */;
			proxyType = 1;
			remoteGlobalIDString = 03753DF22199922100C190F2;
			remoteInfo = HYOI;
		};
/* End PBXContainerItemProxy section */

/* Begin PBXFileReference section */
		03753DF32199922100C190F2 /* HYOI.app */ = {isa = PBXFileReference; explicitFileType = wrapper.application; includeInIndex = 0; path = HYOI.app; sourceTree = BUILT_PRODUCTS_DIR; };
		03753DF62199922100C190F2 /* AppDelegate.swift */ = {isa = PBXFileReference; lastKnownFileType = sourcecode.swift; path = AppDelegate.swift; sourceTree = "<group>"; };
		03753DF82199922100C190F2 /* ViewController.swift */ = {isa = PBXFileReference; lastKnownFileType = sourcecode.swift; path = ViewController.swift; sourceTree = "<group>"; };
		03753DFB2199922100C190F2 /* Base */ = {isa = PBXFileReference; lastKnownFileType = file.storyboard; name = Base; path = Base.lproj/Main.storyboard; sourceTree = "<group>"; };
		03753DFD2199922200C190F2 /* Assets.xcassets */ = {isa = PBXFileReference; lastKnownFileType = folder.assetcatalog; path = Assets.xcassets; sourceTree = "<group>"; };
		03753E002199922200C190F2 /* Base */ = {isa = PBXFileReference; lastKnownFileType = file.storyboard; name = Base; path = Base.lproj/LaunchScreen.storyboard; sourceTree = "<group>"; };
		03753E022199922200C190F2 /* Info.plist */ = {isa = PBXFileReference; lastKnownFileType = text.plist.xml; path = Info.plist; sourceTree = "<group>"; };
		03753E072199922200C190F2 /* HYOITests.xctest */ = {isa = PBXFileReference; explicitFileType = wrapper.cfbundle; includeInIndex = 0; path = HYOITests.xctest; sourceTree = BUILT_PRODUCTS_DIR; };
		03753E0B2199922200C190F2 /* HYOITests.swift */ = {isa = PBXFileReference; lastKnownFileType = sourcecode.swift; path = HYOITests.swift; sourceTree = "<group>"; };
		03753E0D2199922200C190F2 /* Info.plist */ = {isa = PBXFileReference; lastKnownFileType = text.plist.xml; path = Info.plist; sourceTree = "<group>"; };
		03753E122199922200C190F2 /* HYOIUITests.xctest */ = {isa = PBXFileReference; explicitFileType = wrapper.cfbundle; includeInIndex = 0; path = HYOIUITests.xctest; sourceTree = BUILT_PRODUCTS_DIR; };
		03753E162199922200C190F2 /* HYOIUITests.swift */ = {isa = PBXFileReference; lastKnownFileType = sourcecode.swift; path = HYOIUITests.swift; sourceTree = "<group>"; };
		03753E182199922200C190F2 /* Info.plist */ = {isa = PBXFileReference; lastKnownFileType = text.plist.xml; path = Info.plist; sourceTree = "<group>"; };
/* End PBXFileReference section */

/* Begin PBXFrameworksBuildPhase section */
		03753DF02199922100C190F2 /* Frameworks */ = {
			isa = PBXFrameworksBuildPhase;
			buildActionMask = 2147483647;
			files = (
			);
			runOnlyForDeploymentPostprocessing = 0;
		};
		03753E042199922200C190F2 /* Frameworks */ = {
			isa = PBXFrameworksBuildPhase;
			buildActionMask = 2147483647;
			files = (
			);
			runOnlyForDeploymentPostprocessing = 0;
		};
		03753E0F2199922200C190F2 /* Frameworks */ = {
			isa = PBXFrameworksBuildPhase;
			buildActionMask = 2147483647;
			files = (
			);
			runOnlyForDeploymentPostprocessing = 0;
		};
/* End PBXFrameworksBuildPhase section */

/* Begin PBXGroup section */
		03753DEA2199922100C190F2 = {
			isa = PBXGroup;
			children = (
				03753DF52199922100C190F2 /* HYOI */,
				03753E0A2199922200C190F2 /* HYOITests */,
				03753E152199922200C190F2 /* HYOIUITests */,
				03753DF42199922100C190F2 /* Products */,
			);
			sourceTree = "<group>";
		};
		03753DF42199922100C190F2 /* Products */ = {
			isa = PBXGroup;
			children = (
				03753DF32199922100C190F2 /* HYOI.app */,
				03753E072199922200C190F2 /* HYOITests.xctest */,
				03753E122199922200C190F2 /* HYOIUITests.xctest */,
			);
			name = Products;
			sourceTree = "<group>";
		};
		03753DF52199922100C190F2 /* HYOI */ = {
			isa = PBXGroup;
			children = (
				03753DF62199922100C190F2 /* AppDelegate.swift */,
				03753DF82199922100C190F2 /* ViewController.swift */,
				03753DFA2199922100C190F2 /* Main.storyboard */,
				03753DFD2199922200C190F2 /* Assets.xcassets */,
				03753DFF2199922200C190F2 /* LaunchScreen.storyboard */,
				03753E022199922200C190F2 /* Info.plist */,
			);
			path = HYOI;
			sourceTree = "<group>";
		};
		03753E0A2199922200C190F2 /* HYOITests */ = {
			isa = PBXGroup;
			children = (
				03753E0B2199922200C190F2 /* HYOITests.swift */,
				03753E0D2199922200C190F2 /* Info.plist */,
			);
			path = HYOITests;
			sourceTree = "<group>";
		};
		03753E152199922200C190F2 /* HYOIUITests */ = {
			isa = PBXGroup;
			children = (
				03753E162199922200C190F2 /* HYOIUITests.swift */,
				03753E182199922200C190F2 /* Info.plist */,
			);
			path = HYOIUITests;
			sourceTree = "<group>";
		};
/* End PBXGroup section */

/* Begin PBXNativeTarget section */
		03753DF22199922100C190F2 /* HYOI */ = {
			isa = PBXNativeTarget;
			buildConfigurationList = 03753E1B2199922300C190F2 /* Build configuration list for PBXNativeTarget "HYOI" */;
			buildPhases = (
				03753DEF2199922100C190F2 /* Sources */,
				03753DF02199922100C190F2 /* Frameworks */,
				03753DF12199922100C190F2 /* Resources */,
			);
			buildRules = (
			);
			dependencies = (
			);
			name = HYOI;
			productName = HYOI;
			productReference = 03753DF32199922100C190F2 /* HYOI.app */;
			productType = "com.apple.product-type.application";
		};
		03753E062199922200C190F2 /* HYOITests */ = {
			isa = PBXNativeTarget;
			buildConfigurationList = 03753E1E2199922300C190F2 /* Build configuration list for PBXNativeTarget "HYOITests" */;
			buildPhases = (
				03753E032199922200C190F2 /* Sources */,
				03753E042199922200C190F2 /* Frameworks */,
				03753E052199922200C190F2 /* Resources */,
			);
			buildRules = (
			);
			dependencies = (
				03753E092199922200C190F2 /* PBXTargetDependency */,
			);
			name = HYOITests;
			productName = HYOITests;
			productReference = 03753E072199922200C190F2 /* HYOITests.xctest */;
			productType = "com.apple.product-type.bundle.unit-test";
		};
		03753E112199922200C190F2 /* HYOIUITests */ = {
			isa = PBXNativeTarget;
			buildConfigurationList = 03753E212199922300C190F2 /* Build configuration list for PBXNativeTarget "HYOIUITests" */;
			buildPhases = (
				03753E0E2199922200C190F2 /* Sources */,
				03753E0F2199922200C190F2 /* Frameworks */,
				03753E102199922200C190F2 /* Resources */,
			);
			buildRules = (
			);
			dependencies = (
				03753E142199922200C190F2 /* PBXTargetDependency */,
			);
			name = HYOIUITests;
			productName = HYOIUITests;
			productReference = 03753E122199922200C190F2 /* HYOIUITests.xctest */;
			productType = "com.apple.product-type.bundle.ui-testing";
		};
/* End PBXNativeTarget section */

/* Begin PBXProject section */
		03753DEB2199922100C190F2 /* Project object */ = {
			isa = PBXProject;
			attributes = {
				LastSwiftUpdateCheck = 1010;
				LastUpgradeCheck = 1010;
				ORGANIZATIONNAME = "渡邉輝";
				TargetAttributes = {
					03753DF22199922100C190F2 = {
						CreatedOnToolsVersion = 10.1;
					};
					03753E062199922200C190F2 = {
						CreatedOnToolsVersion = 10.1;
						TestTargetID = 03753DF22199922100C190F2;
					};
					03753E112199922200C190F2 = {
						CreatedOnToolsVersion = 10.1;
						TestTargetID = 03753DF22199922100C190F2;
					};
				};
			};
			buildConfigurationList = 03753DEE2199922100C190F2 /* Build configuration list for PBXProject "HYOI" */;
			compatibilityVersion = "Xcode 9.3";
			developmentRegion = en;
			hasScannedForEncodings = 0;
			knownRegions = (
				en,
				Base,
			);
			mainGroup = 03753DEA2199922100C190F2;
			productRefGroup = 03753DF42199922100C190F2 /* Products */;
			projectDirPath = "";
			projectRoot = "";
			targets = (
				03753DF22199922100C190F2 /* HYOI */,
				03753E062199922200C190F2 /* HYOITests */,
				03753E112199922200C190F2 /* HYOIUITests */,
			);
		};
/* End PBXProject section */

/* Begin PBXResourcesBuildPhase section */
		03753DF12199922100C190F2 /* Resources */ = {
			isa = PBXResourcesBuildPhase;
			buildActionMask = 2147483647;
			files = (
				03753E012199922200C190F2 /* LaunchScreen.storyboard in Resources */,
				03753DFE2199922200C190F2 /* Assets.xcassets in Resources */,
				03753DFC2199922100C190F2 /* Main.storyboard in Resources */,
			);
			runOnlyForDeploymentPostprocessing = 0;
		};
		03753E052199922200C190F2 /* Resources */ = {
			isa = PBXResourcesBuildPhase;
			buildActionMask = 2147483647;
			files = (
			);
			runOnlyForDeploymentPostprocessing = 0;
		};
		03753E102199922200C190F2 /* Resources */ = {
			isa = PBXResourcesBuildPhase;
			buildActionMask = 2147483647;
			files = (
			);
			runOnlyForDeploymentPostprocessing = 0;
		};
/* End PBXResourcesBuildPhase section */

/* Begin PBXSourcesBuildPhase section */
		03753DEF2199922100C190F2 /* Sources */ = {
			isa = PBXSourcesBuildPhase;
			buildActionMask = 2147483647;
			files = (
				03753DF92199922100C190F2 /* ViewController.swift in Sources */,
				03753DF72199922100C190F2 /* AppDelegate.swift in Sources */,
			);
			runOnlyForDeploymentPostprocessing = 0;
		};
		03753E032199922200C190F2 /* Sources */ = {
			isa = PBXSourcesBuildPhase;
			buildActionMask = 2147483647;
			files = (
				03753E0C2199922200C190F2 /* HYOITests.swift in Sources */,
			);
			runOnlyForDeploymentPostprocessing = 0;
		};
		03753E0E2199922200C190F2 /* Sources */ = {
			isa = PBXSourcesBuildPhase;
			buildActionMask = 2147483647;
			files = (
				03753E172199922200C190F2 /* HYOIUITests.swift in Sources */,
			);
			runOnlyForDeploymentPostprocessing = 0;
		};
/* End PBXSourcesBuildPhase section */

/* Begin PBXTargetDependency section */
		03753E092199922200C190F2 /* PBXTargetDependency */ = {
			isa = PBXTargetDependency;
			target = 03753DF22199922100C190F2 /* HYOI */;
			targetProxy = 03753E082199922200C190F2 /* PBXContainerItemProxy */;
		};
		03753E142199922200C190F2 /* PBXTargetDependency */ = {
			isa = PBXTargetDependency;
			target = 03753DF22199922100C190F2 /* HYOI */;
			targetProxy = 03753E132199922200C190F2 /* PBXContainerItemProxy */;
		};
/* End PBXTargetDependency section */

/* Begin PBXVariantGroup section */
		03753DFA2199922100C190F2 /* Main.storyboard */ = {
			isa = PBXVariantGroup;
			children = (
				03753DFB2199922100C190F2 /* Base */,
			);
			name = Main.storyboard;
			sourceTree = "<group>";
		};
		03753DFF2199922200C190F2 /* LaunchScreen.storyboard */ = {
			isa = PBXVariantGroup;
			children = (
				03753E002199922200C190F2 /* Base */,
			);
			name = LaunchScreen.storyboard;
			sourceTree = "<group>";
		};
/* End PBXVariantGroup section */

/* Begin XCBuildConfiguration section */
		03753E192199922200C190F2 /* Debug */ = {
			isa = XCBuildConfiguration;
			buildSettings = {
				ALWAYS_SEARCH_USER_PATHS = NO;
				CLANG_ANALYZER_NONNULL = YES;
				CLANG_ANALYZER_NUMBER_OBJECT_CONVERSION = YES_AGGRESSIVE;
				CLANG_CXX_LANGUAGE_STANDARD = "gnu++14";
				CLANG_CXX_LIBRARY = "libc++";
				CLANG_ENABLE_MODULES = YES;
				CLANG_ENABLE_OBJC_ARC = YES;
				CLANG_ENABLE_OBJC_WEAK = YES;
				CLANG_WARN_BLOCK_CAPTURE_AUTORELEASING = YES;
				CLANG_WARN_BOOL_CONVERSION = YES;
				CLANG_WARN_COMMA = YES;
				CLANG_WARN_CONSTANT_CONVERSION = YES;
				CLANG_WARN_DEPRECATED_OBJC_IMPLEMENTATIONS = YES;
				CLANG_WARN_DIRECT_OBJC_ISA_USAGE = YES_ERROR;
				CLANG_WARN_DOCUMENTATION_COMMENTS = YES;
				CLANG_WARN_EMPTY_BODY = YES;
				CLANG_WARN_ENUM_CONVERSION = YES;
				CLANG_WARN_INFINITE_RECURSION = YES;
				CLANG_WARN_INT_CONVERSION = YES;
				CLANG_WARN_NON_LITERAL_NULL_CONVERSION = YES;
				CLANG_WARN_OBJC_IMPLICIT_RETAIN_SELF = YES;
				CLANG_WARN_OBJC_LITERAL_CONVERSION = YES;
				CLANG_WARN_OBJC_ROOT_CLASS = YES_ERROR;
				CLANG_WARN_RANGE_LOOP_ANALYSIS = YES;
				CLANG_WARN_STRICT_PROTOTYPES = YES;
				CLANG_WARN_SUSPICIOUS_MOVE = YES;
				CLANG_WARN_UNGUARDED_AVAILABILITY = YES_AGGRESSIVE;
				CLANG_WARN_UNREACHABLE_CODE = YES;
				CLANG_WARN__DUPLICATE_METHOD_MATCH = YES;
				CODE_SIGN_IDENTITY = "iPhone Developer";
				COPY_PHASE_STRIP = NO;
				DEBUG_INFORMATION_FORMAT = dwarf;
				ENABLE_STRICT_OBJC_MSGSEND = YES;
				ENABLE_TESTABILITY = YES;
				GCC_C_LANGUAGE_STANDARD = gnu11;
				GCC_DYNAMIC_NO_PIC = NO;
				GCC_NO_COMMON_BLOCKS = YES;
				GCC_OPTIMIZATION_LEVEL = 0;
				GCC_PREPROCESSOR_DEFINITIONS = (
					"DEBUG=1",
					"$(inherited)",
				);
				GCC_WARN_64_TO_32_BIT_CONVERSION = YES;
				GCC_WARN_ABOUT_RETURN_TYPE = YES_ERROR;
				GCC_WARN_UNDECLARED_SELECTOR = YES;
				GCC_WARN_UNINITIALIZED_AUTOS = YES_AGGRESSIVE;
				GCC_WARN_UNUSED_FUNCTION = YES;
				GCC_WARN_UNUSED_VARIABLE = YES;
				IPHONEOS_DEPLOYMENT_TARGET = 12.1;
				MTL_ENABLE_DEBUG_INFO = INCLUDE_SOURCE;
				MTL_FAST_MATH = YES;
				ONLY_ACTIVE_ARCH = YES;
				SDKROOT = iphoneos;
				SWIFT_ACTIVE_COMPILATION_CONDITIONS = DEBUG;
				SWIFT_OPTIMIZATION_LEVEL = "-Onone";
			};
			name = Debug;
		};
		03753E1A2199922300C190F2 /* Release */ = {
			isa = XCBuildConfiguration;
			buildSettings = {
				ALWAYS_SEARCH_USER_PATHS = NO;
				CLANG_ANALYZER_NONNULL = YES;
				CLANG_ANALYZER_NUMBER_OBJECT_CONVERSION = YES_AGGRESSIVE;
				CLANG_CXX_LANGUAGE_STANDARD = "gnu++14";
				CLANG_CXX_LIBRARY = "libc++";
				CLANG_ENABLE_MODULES = YES;
				CLANG_ENABLE_OBJC_ARC = YES;
				CLANG_ENABLE_OBJC_WEAK = YES;
				CLANG_WARN_BLOCK_CAPTURE_AUTORELEASING = YES;
				CLANG_WARN_BOOL_CONVERSION = YES;
				CLANG_WARN_COMMA = YES;
				CLANG_WARN_CONSTANT_CONVERSION = YES;
				CLANG_WARN_DEPRECATED_OBJC_IMPLEMENTATIONS = YES;
				CLANG_WARN_DIRECT_OBJC_ISA_USAGE = YES_ERROR;
				CLANG_WARN_DOCUMENTATION_COMMENTS = YES;
				CLANG_WARN_EMPTY_BODY = YES;
				CLANG_WARN_ENUM_CONVERSION = YES;
				CLANG_WARN_INFINITE_RECURSION = YES;
				CLANG_WARN_INT_CONVERSION = YES;
				CLANG_WARN_NON_LITERAL_NULL_CONVERSION = YES;
				CLANG_WARN_OBJC_IMPLICIT_RETAIN_SELF = YES;
				CLANG_WARN_OBJC_LITERAL_CONVERSION = YES;
				CLANG_WARN_OBJC_ROOT_CLASS = YES_ERROR;
				CLANG_WARN_RANGE_LOOP_ANALYSIS = YES;
				CLANG_WARN_STRICT_PROTOTYPES = YES;
				CLANG_WARN_SUSPICIOUS_MOVE = YES;
				CLANG_WARN_UNGUARDED_AVAILABILITY = YES_AGGRESSIVE;
				CLANG_WARN_UNREACHABLE_CODE = YES;
				CLANG_WARN__DUPLICATE_METHOD_MATCH = YES;
				CODE_SIGN_IDENTITY = "iPhone Developer";
				COPY_PHASE_STRIP = NO;
				DEBUG_INFORMATION_FORMAT = "dwarf-with-dsym";
				ENABLE_NS_ASSERTIONS = NO;
				ENABLE_STRICT_OBJC_MSGSEND = YES;
				GCC_C_LANGUAGE_STANDARD = gnu11;
				GCC_NO_COMMON_BLOCKS = YES;
				GCC_WARN_64_TO_32_BIT_CONVERSION = YES;
				GCC_WARN_ABOUT_RETURN_TYPE = YES_ERROR;
				GCC_WARN_UNDECLARED_SELECTOR = YES;
				GCC_WARN_UNINITIALIZED_AUTOS = YES_AGGRESSIVE;
				GCC_WARN_UNUSED_FUNCTION = YES;
				GCC_WARN_UNUSED_VARIABLE = YES;
				IPHONEOS_DEPLOYMENT_TARGET = 12.1;
				MTL_ENABLE_DEBUG_INFO = NO;
				MTL_FAST_MATH = YES;
				SDKROOT = iphoneos;
				SWIFT_COMPILATION_MODE = wholemodule;
				SWIFT_OPTIMIZATION_LEVEL = "-O";
				VALIDATE_PRODUCT = YES;
			};
			name = Release;
		};
		03753E1C2199922300C190F2 /* Debug */ = {
			isa = XCBuildConfiguration;
			buildSettings = {
				ASSETCATALOG_COMPILER_APPICON_NAME = AppIcon;
				CODE_SIGN_STYLE = Automatic;
				INFOPLIST_FILE = HYOI/Info.plist;
				LD_RUNPATH_SEARCH_PATHS = (
					"$(inherited)",
					"@executable_path/Frameworks",
				);
				PRODUCT_BUNDLE_IDENTIFIER = hyoi.HYOI;
				PRODUCT_NAME = "$(TARGET_NAME)";
				SWIFT_VERSION = 4.2;
				TARGETED_DEVICE_FAMILY = "1,2";
			};
			name = Debug;
		};
		03753E1D2199922300C190F2 /* Release */ = {
			isa = XCBuildConfiguration;
			buildSettings = {
				ASSETCATALOG_COMPILER_APPICON_NAME = AppIcon;
				CODE_SIGN_STYLE = Automatic;
				INFOPLIST_FILE = HYOI/Info.plist;
				LD_RUNPATH_SEARCH_PATHS = (
					"$(inherited)",
					"@executable_path/Frameworks",
				);
				PRODUCT_BUNDLE_IDENTIFIER = hyoi.HYOI;
				PRODUCT_NAME = "$(TARGET_NAME)";
				SWIFT_VERSION = 4.2;
				TARGETED_DEVICE_FAMILY = "1,2";
			};
			name = Release;
		};
		03753E1F2199922300C190F2 /* Debug */ = {
			isa = XCBuildConfiguration;
			buildSettings = {
				ALWAYS_EMBED_SWIFT_STANDARD_LIBRARIES = YES;
				BUNDLE_LOADER = "$(TEST_HOST)";
				CODE_SIGN_STYLE = Automatic;
				INFOPLIST_FILE = HYOITests/Info.plist;
				LD_RUNPATH_SEARCH_PATHS = (
					"$(inherited)",
					"@executable_path/Frameworks",
					"@loader_path/Frameworks",
				);
				PRODUCT_BUNDLE_IDENTIFIER = hyoi.HYOITests;
				PRODUCT_NAME = "$(TARGET_NAME)";
				SWIFT_VERSION = 4.2;
				TARGETED_DEVICE_FAMILY = "1,2";
				TEST_HOST = "$(BUILT_PRODUCTS_DIR)/HYOI.app/HYOI";
			};
			name = Debug;
		};
		03753E202199922300C190F2 /* Release */ = {
			isa = XCBuildConfiguration;
			buildSettings = {
				ALWAYS_EMBED_SWIFT_STANDARD_LIBRARIES = YES;
				BUNDLE_LOADER = "$(TEST_HOST)";
				CODE_SIGN_STYLE = Automatic;
				INFOPLIST_FILE = HYOITests/Info.plist;
				LD_RUNPATH_SEARCH_PATHS = (
					"$(inherited)",
					"@executable_path/Frameworks",
					"@loader_path/Frameworks",
				);
				PRODUCT_BUNDLE_IDENTIFIER = hyoi.HYOITests;
				PRODUCT_NAME = "$(TARGET_NAME)";
				SWIFT_VERSION = 4.2;
				TARGETED_DEVICE_FAMILY = "1,2";
				TEST_HOST = "$(BUILT_PRODUCTS_DIR)/HYOI.app/HYOI";
			};
			name = Release;
		};
		03753E222199922300C190F2 /* Debug */ = {
			isa = XCBuildConfiguration;
			buildSettings = {
				ALWAYS_EMBED_SWIFT_STANDARD_LIBRARIES = YES;
				CODE_SIGN_STYLE = Automatic;
				INFOPLIST_FILE = HYOIUITests/Info.plist;
				LD_RUNPATH_SEARCH_PATHS = (
					"$(inherited)",
					"@executable_path/Frameworks",
					"@loader_path/Frameworks",
				);
				PRODUCT_BUNDLE_IDENTIFIER = hyoi.HYOIUITests;
				PRODUCT_NAME = "$(TARGET_NAME)";
				SWIFT_VERSION = 4.2;
				TARGETED_DEVICE_FAMILY = "1,2";
				TEST_TARGET_NAME = HYOI;
			};
			name = Debug;
		};
		03753E232199922300C190F2 /* Release */ = {
			isa = XCBuildConfiguration;
			buildSettings = {
				ALWAYS_EMBED_SWIFT_STANDARD_LIBRARIES = YES;
				CODE_SIGN_STYLE = Automatic;
				INFOPLIST_FILE = HYOIUITests/Info.plist;
				LD_RUNPATH_SEARCH_PATHS = (
					"$(inherited)",
					"@executable_path/Frameworks",
					"@loader_path/Frameworks",
				);
				PRODUCT_BUNDLE_IDENTIFIER = hyoi.HYOIUITests;
				PRODUCT_NAME = "$(TARGET_NAME)";
				SWIFT_VERSION = 4.2;
				TARGETED_DEVICE_FAMILY = "1,2";
				TEST_TARGET_NAME = HYOI;
			};
			name = Release;
		};
/* End XCBuildConfiguration section */

/* Begin XCConfigurationList section */
		03753DEE2199922100C190F2 /* Build configuration list for PBXProject "HYOI" */ = {
			isa = XCConfigurationList;
			buildConfigurations = (
				03753E192199922200C190F2 /* Debug */,
				03753E1A2199922300C190F2 /* Release */,
			);
			defaultConfigurationIsVisible = 0;
			defaultConfigurationName = Release;
		};
		03753E1B2199922300C190F2 /* Build configuration list for PBXNativeTarget "HYOI" */ = {
			isa = XCConfigurationList;
			buildConfigurations = (
				03753E1C2199922300C190F2 /* Debug */,
				03753E1D2199922300C190F2 /* Release */,
			);
			defaultConfigurationIsVisible = 0;
			defaultConfigurationName = Release;
		};
		03753E1E2199922300C190F2 /* Build configuration list for PBXNativeTarget "HYOITests" */ = {
			isa = XCConfigurationList;
			buildConfigurations = (
				03753E1F2199922300C190F2 /* Debug */,
				03753E202199922300C190F2 /* Release */,
			);
			defaultConfigurationIsVisible = 0;
			defaultConfigurationName = Release;
		};
		03753E212199922300C190F2 /* Build configuration list for PBXNativeTarget "HYOIUITests" */ = {
			isa = XCConfigurationList;
			buildConfigurations = (
				03753E222199922300C190F2 /* Debug */,
				03753E232199922300C190F2 /* Release */,
			);
			defaultConfigurationIsVisible = 0;
			defaultConfigurationName = Release;
		};
/* End XCConfigurationList section */
	};
	rootObject = 03753DEB2199922100C190F2 /* Project object */;
}
